{
    "name": "@packages/user9",
    "version": "1.0.0",
    "lockfileVersion": 2,
    "requires": true,
    "packages": {
        "": {
            "name": "@packages/user9",
            "version": "1.0.0",
            "peerDependencies": {
                "@packages/user": "file:../user",
                "@packages/user2": "file:../user2",
                "@packages/user3": "file:../user3",
                "@packages/user4": "file:../user4",
                "@packages/user5": "file:../user5",
                "@packages/user6": "file:../user6",
                "@packages/user7": "file:../user7",
                "@packages/user8": "file:../user8"
            }
        },
        "../aws": {
            "name": "@packages/aws",
            "version": "1.0.0",
            "extraneous": true
        },
        "../user": {
            "version": "1.0.0",
            "peer": true,
            "peerDependencies": {
                "@packages/util": "file:../util"
            }
        },
        "../user2": {
            "version": "1.0.0",
            "peer": true,
            "peerDependencies": {
                "@packages/user": "file:../user",
                "@packages/util": "file:../util"
            }
        },
        "../user3": {
            "version": "1.0.0",
            "peer": true,
            "peerDependencies": {
                "@packages/user": "file:../user",
                "@packages/util": "file:../util"
            }
        },
        "../user4": {
            "version": "1.0.0",
            "peer": true,
            "peerDependencies": {
                "@packages/user": "file:../user",
                "@packages/util": "file:../util"
            }
        },
        "../user5": {
            "version": "1.0.0",
            "peer": true,
            "peerDependencies": {
                "@packages/user": "file:../user",
                "@packages/util": "file:../util"
            }
        },
        "../user6": {
            "version": "1.0.0",
            "peer": true,
            "peerDependencies": {
                "@packages/user": "file:../user",
                "@packages/util": "file:../util"
            }
        },
        "../user7": {
            "version": "1.0.0",
            "peer": true,
            "peerDependencies": {
                "@packages/user": "file:../user",
                "@packages/util": "file:../util"
            }
        },
        "../user8": {
            "version": "1.0.0",
            "peer": true,
            "peerDependencies": {
                "@packages/user": "file:../user",
                "@packages/util": "file:../util"
            }
        },
        "../util": {
            "name": "@packages/util",
            "version": "1.0.0",
            "extraneous": true,
            "peerDependencies": {
                "@packages/aws": "file:../aws"
            }
        },
        "node_modules/@packages/user": {
            "resolved": "../user",
            "link": true
        },
        "node_modules/@packages/user2": {
            "resolved": "../user2",
            "link": true
        },
        "node_modules/@packages/user3": {
            "resolved": "../user3",
            "link": true
        },
        "node_modules/@packages/user4": {
            "resolved": "../user4",
            "link": true
        },
        "node_modules/@packages/user5": {
            "resolved": "../user5",
            "link": true
        },
        "node_modules/@packages/user6": {
            "resolved": "../user6",
            "link": true
        },
        "node_modules/@packages/user7": {
            "resolved": "../user7",
            "link": true
        },
        "node_modules/@packages/user8": {
            "resolved": "../user8",
            "link": true
        }
    },
    "dependencies": {
        "@packages/user": {
            "version": "file:../user",
            "requires": {}
        },
        "@packages/user2": {
            "version": "file:../user2",
            "requires": {}
        },
        "@packages/user3": {
            "version": "file:../user3",
            "requires": {}
        },
        "@packages/user4": {
            "version": "file:../user4",
            "requires": {}
        },
        "@packages/user5": {
            "version": "file:../user5",
            "requires": {}
        },
        "@packages/user6": {
            "version": "file:../user6",
            "requires": {}
        },
        "@packages/user7": {
            "version": "file:../user7",
            "requires": {}
        },
        "@packages/user8": {
            "version": "file:../user8",
            "requires": {}
        }
    }
}
