{
    "name": "@packages/user3",
    "version": "1.0.0",
    "lockfileVersion": 2,
    "requires": true,
    "packages": {
        "": {
            "name": "@packages/user3",
            "version": "1.0.0",
            "peerDependencies": {
                "@packages/user": "file:../user",
                "@packages/util": "file:../util"
            }
        },
        "../aws": {
            "name": "@packages/aws",
            "version": "1.0.0",
            "extraneous": true
        },
        "../user": {
            "version": "1.0.0",
            "peer": true,
            "peerDependencies": {
                "@packages/util": "file:../util"
            }
        },
        "../util": {
            "name": "@packages/util",
            "version": "1.0.0",
            "peer": true,
            "peerDependencies": {
                "@packages/aws": "file:../aws"
            }
        },
        "node_modules/@packages/user": {
            "resolved": "../user",
            "link": true
        },
        "node_modules/@packages/util": {
            "resolved": "../util",
            "link": true
        }
    },
    "dependencies": {
        "@packages/user": {
            "version": "file:../user",
            "requires": {}
        },
        "@packages/util": {
            "version": "file:../util",
            "requires": {}
        }
    }
}
