{
    "name": "@packages/util",
    "version": "1.0.0",
    "lockfileVersion": 2,
    "requires": true,
    "packages": {
        "": {
            "name": "@packages/util",
            "version": "1.0.0",
            "peerDependencies": {
                "@packages/aws": "file:../aws"
            }
        },
        "../aws": {
            "name": "@packages/aws",
            "version": "1.0.0",
            "peer": true
        },
        "node_modules/@packages/aws": {
            "resolved": "../aws",
            "link": true
        }
    },
    "dependencies": {
        "@packages/aws": {
            "version": "file:../aws"
        }
    }
}
