{
    "name": "@packages/business",
    "version": "1.0.0",
    "lockfileVersion": 2,
    "requires": true,
    "packages": {
        "": {
            "name": "@packages/business",
            "version": "1.0.0"
        },
        "../util": {
            "name": "@packages/util",
            "version": "1.0.0",
            "extraneous": true
        }
    }
}
